
Microsoft Visual Studio Solution File, Format Version 12.00
# Visual Studio Version 16
VisualStudioVersion = 16.0.29503.13
MinimumVisualStudioVersion = 10.0.40219.1
Project("{FAE04EC0-301F-11D3-BF4B-00C04F79EFBC}") = "iSpeakWeb", "iSpeakWeb\iSpeakWeb.csproj", "{3F500CF4-BA67-427F-897A-CB48DB5ECC3F}"
EndProject
Project("{FAE04EC0-301F-11D3-BF4B-00C04F79EFBC}") = "iSpeakMobile.Android", "iSpeakMobile\iSpeakMobile.Android\iSpeakMobile.Android.csproj", "{F074CAEC-3EFF-4FA7-9624-BD38DA4D0939}"
	ProjectSection(ProjectDependencies) = postProject
		{3F500CF4-BA67-427F-897A-CB48DB5ECC3F} = {3F500CF4-BA67-427F-897A-CB48DB5ECC3F}
	EndProjectSection
EndProject
Project("{FAE04EC0-301F-11D3-BF4B-00C04F79EFBC}") = "iSpeakMobile.iOS", "iSpeakMobile\iSpeakMobile.iOS\iSpeakMobile.iOS.csproj", "{BF9F6823-AB6A-47B2-9216-F0C3A7A6CEE1}"
	ProjectSection(ProjectDependencies) = postProject
		{3F500CF4-BA67-427F-897A-CB48DB5ECC3F} = {3F500CF4-BA67-427F-897A-CB48DB5ECC3F}
	EndProjectSection
EndProject
Project("{9A19103F-16F7-4668-BE54-9A1E7A4F7556}") = "iSpeakMobile", "iSpeakMobile\iSpeakMobile\iSpeakMobile.csproj", "{A5B71799-042D-4C88-A95C-43125DE2F985}"
	ProjectSection(ProjectDependencies) = postProject
		{3F500CF4-BA67-427F-897A-CB48DB5ECC3F} = {3F500CF4-BA67-427F-897A-CB48DB5ECC3F}
	EndProjectSection
EndProject
Project("{FAE04EC0-301F-11D3-BF4B-00C04F79EFBC}") = "LIBUtil", "..\..\LIBUtil\LIBUtil\LIBUtil\LIBUtil.csproj", "{23013BFC-021E-426A-8A92-8C1C34836974}"
EndProject
Project("{FAE04EC0-301F-11D3-BF4B-00C04F79EFBC}") = "iSpeakWebApp", "iSpeakWebApp\iSpeakWebApp.csproj", "{8CE4437A-D757-4984-A09B-932AAE389724}"
EndProject
Global
	GlobalSection(SolutionConfigurationPlatforms) = preSolution
		Debug|Any CPU = Debug|Any CPU
		Debug|iPhone = Debug|iPhone
		Debug|iPhoneSimulator = Debug|iPhoneSimulator
		Debug|x86 = Debug|x86
		Release|Any CPU = Release|Any CPU
		Release|iPhone = Release|iPhone
		Release|iPhoneSimulator = Release|iPhoneSimulator
		Release|x86 = Release|x86
	EndGlobalSection
	GlobalSection(ProjectConfigurationPlatforms) = postSolution
		{3F500CF4-BA67-427F-897A-CB48DB5ECC3F}.Debug|Any CPU.ActiveCfg = Debug|Any CPU
		{3F500CF4-BA67-427F-897A-CB48DB5ECC3F}.Debug|Any CPU.Build.0 = Debug|Any CPU
		{3F500CF4-BA67-427F-897A-CB48DB5ECC3F}.Debug|iPhone.ActiveCfg = Debug|Any CPU
		{3F500CF4-BA67-427F-897A-CB48DB5ECC3F}.Debug|iPhone.Build.0 = Debug|Any CPU
		{3F500CF4-BA67-427F-897A-CB48DB5ECC3F}.Debug|iPhoneSimulator.ActiveCfg = Debug|Any CPU
		{3F500CF4-BA67-427F-897A-CB48DB5ECC3F}.Debug|iPhoneSimulator.Build.0 = Debug|Any CPU
		{3F500CF4-BA67-427F-897A-CB48DB5ECC3F}.Debug|x86.ActiveCfg = Debug|Any CPU
		{3F500CF4-BA67-427F-897A-CB48DB5ECC3F}.Debug|x86.Build.0 = Debug|Any CPU
		{3F500CF4-BA67-427F-897A-CB48DB5ECC3F}.Release|Any CPU.ActiveCfg = Release|Any CPU
		{3F500CF4-BA67-427F-897A-CB48DB5ECC3F}.Release|Any CPU.Build.0 = Release|Any CPU
		{3F500CF4-BA67-427F-897A-CB48DB5ECC3F}.Release|iPhone.ActiveCfg = Release|Any CPU
		{3F500CF4-BA67-427F-897A-CB48DB5ECC3F}.Release|iPhone.Build.0 = Release|Any CPU
		{3F500CF4-BA67-427F-897A-CB48DB5ECC3F}.Release|iPhoneSimulator.ActiveCfg = Release|Any CPU
		{3F500CF4-BA67-427F-897A-CB48DB5ECC3F}.Release|iPhoneSimulator.Build.0 = Release|Any CPU
		{3F500CF4-BA67-427F-897A-CB48DB5ECC3F}.Release|x86.ActiveCfg = Release|Any CPU
		{3F500CF4-BA67-427F-897A-CB48DB5ECC3F}.Release|x86.Build.0 = Release|Any CPU
		{F074CAEC-3EFF-4FA7-9624-BD38DA4D0939}.Debug|Any CPU.ActiveCfg = Debug|Any CPU
		{F074CAEC-3EFF-4FA7-9624-BD38DA4D0939}.Debug|Any CPU.Build.0 = Debug|Any CPU
		{F074CAEC-3EFF-4FA7-9624-BD38DA4D0939}.Debug|Any CPU.Deploy.0 = Debug|Any CPU
		{F074CAEC-3EFF-4FA7-9624-BD38DA4D0939}.Debug|iPhone.ActiveCfg = Debug|Any CPU
		{F074CAEC-3EFF-4FA7-9624-BD38DA4D0939}.Debug|iPhone.Build.0 = Debug|Any CPU
		{F074CAEC-3EFF-4FA7-9624-BD38DA4D0939}.Debug|iPhone.Deploy.0 = Debug|Any CPU
		{F074CAEC-3EFF-4FA7-9624-BD38DA4D0939}.Debug|iPhoneSimulator.ActiveCfg = Debug|Any CPU
		{F074CAEC-3EFF-4FA7-9624-BD38DA4D0939}.Debug|iPhoneSimulator.Build.0 = Debug|Any CPU
		{F074CAEC-3EFF-4FA7-9624-BD38DA4D0939}.Debug|iPhoneSimulator.Deploy.0 = Debug|Any CPU
		{F074CAEC-3EFF-4FA7-9624-BD38DA4D0939}.Debug|x86.ActiveCfg = Debug|x86
		{F074CAEC-3EFF-4FA7-9624-BD38DA4D0939}.Debug|x86.Build.0 = Debug|x86
		{F074CAEC-3EFF-4FA7-9624-BD38DA4D0939}.Debug|x86.Deploy.0 = Debug|x86
		{F074CAEC-3EFF-4FA7-9624-BD38DA4D0939}.Release|Any CPU.ActiveCfg = Release|Any CPU
		{F074CAEC-3EFF-4FA7-9624-BD38DA4D0939}.Release|Any CPU.Build.0 = Release|Any CPU
		{F074CAEC-3EFF-4FA7-9624-BD38DA4D0939}.Release|Any CPU.Deploy.0 = Release|Any CPU
		{F074CAEC-3EFF-4FA7-9624-BD38DA4D0939}.Release|iPhone.ActiveCfg = Release|Any CPU
		{F074CAEC-3EFF-4FA7-9624-BD38DA4D0939}.Release|iPhone.Build.0 = Release|Any CPU
		{F074CAEC-3EFF-4FA7-9624-BD38DA4D0939}.Release|iPhone.Deploy.0 = Release|Any CPU
		{F074CAEC-3EFF-4FA7-9624-BD38DA4D0939}.Release|iPhoneSimulator.ActiveCfg = Release|Any CPU
		{F074CAEC-3EFF-4FA7-9624-BD38DA4D0939}.Release|iPhoneSimulator.Build.0 = Release|Any CPU
		{F074CAEC-3EFF-4FA7-9624-BD38DA4D0939}.Release|iPhoneSimulator.Deploy.0 = Release|Any CPU
		{F074CAEC-3EFF-4FA7-9624-BD38DA4D0939}.Release|x86.ActiveCfg = Release|x86
		{F074CAEC-3EFF-4FA7-9624-BD38DA4D0939}.Release|x86.Build.0 = Release|x86
		{F074CAEC-3EFF-4FA7-9624-BD38DA4D0939}.Release|x86.Deploy.0 = Release|x86
		{BF9F6823-AB6A-47B2-9216-F0C3A7A6CEE1}.Debug|Any CPU.ActiveCfg = Debug|iPhone
		{BF9F6823-AB6A-47B2-9216-F0C3A7A6CEE1}.Debug|iPhone.ActiveCfg = Debug|iPhone
		{BF9F6823-AB6A-47B2-9216-F0C3A7A6CEE1}.Debug|iPhone.Build.0 = Debug|iPhone
		{BF9F6823-AB6A-47B2-9216-F0C3A7A6CEE1}.Debug|iPhoneSimulator.ActiveCfg = Debug|iPhoneSimulator
		{BF9F6823-AB6A-47B2-9216-F0C3A7A6CEE1}.Debug|iPhoneSimulator.Build.0 = Debug|iPhoneSimulator
		{BF9F6823-AB6A-47B2-9216-F0C3A7A6CEE1}.Debug|x86.ActiveCfg = Debug|iPhoneSimulator
		{BF9F6823-AB6A-47B2-9216-F0C3A7A6CEE1}.Release|Any CPU.ActiveCfg = Release|iPhone
		{BF9F6823-AB6A-47B2-9216-F0C3A7A6CEE1}.Release|iPhone.ActiveCfg = Release|iPhone
		{BF9F6823-AB6A-47B2-9216-F0C3A7A6CEE1}.Release|iPhone.Build.0 = Release|iPhone
		{BF9F6823-AB6A-47B2-9216-F0C3A7A6CEE1}.Release|iPhoneSimulator.ActiveCfg = Release|iPhoneSimulator
		{BF9F6823-AB6A-47B2-9216-F0C3A7A6CEE1}.Release|iPhoneSimulator.Build.0 = Release|iPhoneSimulator
		{BF9F6823-AB6A-47B2-9216-F0C3A7A6CEE1}.Release|x86.ActiveCfg = Release|iPhoneSimulator
		{A5B71799-042D-4C88-A95C-43125DE2F985}.Debug|Any CPU.ActiveCfg = Debug|Any CPU
		{A5B71799-042D-4C88-A95C-43125DE2F985}.Debug|Any CPU.Build.0 = Debug|Any CPU
		{A5B71799-042D-4C88-A95C-43125DE2F985}.Debug|iPhone.ActiveCfg = Debug|Any CPU
		{A5B71799-042D-4C88-A95C-43125DE2F985}.Debug|iPhone.Build.0 = Debug|Any CPU
		{A5B71799-042D-4C88-A95C-43125DE2F985}.Debug|iPhoneSimulator.ActiveCfg = Debug|Any CPU
		{A5B71799-042D-4C88-A95C-43125DE2F985}.Debug|iPhoneSimulator.Build.0 = Debug|Any CPU
		{A5B71799-042D-4C88-A95C-43125DE2F985}.Debug|x86.ActiveCfg = Debug|Any CPU
		{A5B71799-042D-4C88-A95C-43125DE2F985}.Debug|x86.Build.0 = Debug|Any CPU
		{A5B71799-042D-4C88-A95C-43125DE2F985}.Release|Any CPU.ActiveCfg = Release|Any CPU
		{A5B71799-042D-4C88-A95C-43125DE2F985}.Release|Any CPU.Build.0 = Release|Any CPU
		{A5B71799-042D-4C88-A95C-43125DE2F985}.Release|iPhone.ActiveCfg = Release|Any CPU
		{A5B71799-042D-4C88-A95C-43125DE2F985}.Release|iPhone.Build.0 = Release|Any CPU
		{A5B71799-042D-4C88-A95C-43125DE2F985}.Release|iPhoneSimulator.ActiveCfg = Release|Any CPU
		{A5B71799-042D-4C88-A95C-43125DE2F985}.Release|iPhoneSimulator.Build.0 = Release|Any CPU
		{A5B71799-042D-4C88-A95C-43125DE2F985}.Release|x86.ActiveCfg = Release|Any CPU
		{A5B71799-042D-4C88-A95C-43125DE2F985}.Release|x86.Build.0 = Release|Any CPU
		{23013BFC-021E-426A-8A92-8C1C34836974}.Debug|Any CPU.ActiveCfg = Debug|Any CPU
		{23013BFC-021E-426A-8A92-8C1C34836974}.Debug|Any CPU.Build.0 = Debug|Any CPU
		{23013BFC-021E-426A-8A92-8C1C34836974}.Debug|iPhone.ActiveCfg = Debug|Any CPU
		{23013BFC-021E-426A-8A92-8C1C34836974}.Debug|iPhone.Build.0 = Debug|Any CPU
		{23013BFC-021E-426A-8A92-8C1C34836974}.Debug|iPhoneSimulator.ActiveCfg = Debug|Any CPU
		{23013BFC-021E-426A-8A92-8C1C34836974}.Debug|iPhoneSimulator.Build.0 = Debug|Any CPU
		{23013BFC-021E-426A-8A92-8C1C34836974}.Debug|x86.ActiveCfg = Debug|Any CPU
		{23013BFC-021E-426A-8A92-8C1C34836974}.Debug|x86.Build.0 = Debug|Any CPU
		{23013BFC-021E-426A-8A92-8C1C34836974}.Release|Any CPU.ActiveCfg = Release|Any CPU
		{23013BFC-021E-426A-8A92-8C1C34836974}.Release|Any CPU.Build.0 = Release|Any CPU
		{23013BFC-021E-426A-8A92-8C1C34836974}.Release|iPhone.ActiveCfg = Release|Any CPU
		{23013BFC-021E-426A-8A92-8C1C34836974}.Release|iPhone.Build.0 = Release|Any CPU
		{23013BFC-021E-426A-8A92-8C1C34836974}.Release|iPhoneSimulator.ActiveCfg = Release|Any CPU
		{23013BFC-021E-426A-8A92-8C1C34836974}.Release|iPhoneSimulator.Build.0 = Release|Any CPU
		{23013BFC-021E-426A-8A92-8C1C34836974}.Release|x86.ActiveCfg = Release|Any CPU
		{23013BFC-021E-426A-8A92-8C1C34836974}.Release|x86.Build.0 = Release|Any CPU
		{8CE4437A-D757-4984-A09B-932AAE389724}.Debug|Any CPU.ActiveCfg = Debug|Any CPU
		{8CE4437A-D757-4984-A09B-932AAE389724}.Debug|Any CPU.Build.0 = Debug|Any CPU
		{8CE4437A-D757-4984-A09B-932AAE389724}.Debug|iPhone.ActiveCfg = Debug|Any CPU
		{8CE4437A-D757-4984-A09B-932AAE389724}.Debug|iPhone.Build.0 = Debug|Any CPU
		{8CE4437A-D757-4984-A09B-932AAE389724}.Debug|iPhoneSimulator.ActiveCfg = Debug|Any CPU
		{8CE4437A-D757-4984-A09B-932AAE389724}.Debug|iPhoneSimulator.Build.0 = Debug|Any CPU
		{8CE4437A-D757-4984-A09B-932AAE389724}.Debug|x86.ActiveCfg = Debug|Any CPU
		{8CE4437A-D757-4984-A09B-932AAE389724}.Debug|x86.Build.0 = Debug|Any CPU
		{8CE4437A-D757-4984-A09B-932AAE389724}.Release|Any CPU.ActiveCfg = Release|Any CPU
		{8CE4437A-D757-4984-A09B-932AAE389724}.Release|Any CPU.Build.0 = Release|Any CPU
		{8CE4437A-D757-4984-A09B-932AAE389724}.Release|iPhone.ActiveCfg = Release|Any CPU
		{8CE4437A-D757-4984-A09B-932AAE389724}.Release|iPhone.Build.0 = Release|Any CPU
		{8CE4437A-D757-4984-A09B-932AAE389724}.Release|iPhoneSimulator.ActiveCfg = Release|Any CPU
		{8CE4437A-D757-4984-A09B-932AAE389724}.Release|iPhoneSimulator.Build.0 = Release|Any CPU
		{8CE4437A-D757-4984-A09B-932AAE389724}.Release|x86.ActiveCfg = Release|Any CPU
		{8CE4437A-D757-4984-A09B-932AAE389724}.Release|x86.Build.0 = Release|Any CPU
	EndGlobalSection
	GlobalSection(SolutionProperties) = preSolution
		HideSolutionNode = FALSE
	EndGlobalSection
	GlobalSection(ExtensibilityGlobals) = postSolution
		SolutionGuid = {E30508A5-1756-4C4D-ADDD-1E58CA024C0F}
	EndGlobalSection
EndGlobal
